{
  "version": 4,
  "terraform_version": "1.2.7",
  "serial": 139,
  "lineage": "fd8fda66-90c1-ffb8-f2e8-0f6264cdee4f",
  "outputs": {},
  "resources": [
    {
      "mode": "managed",
      "type": "azurerm_container_group",
      "name": "nextopsaci",
      "provider": "provider[\"registry.terraform.io/hashicorp/azurerm\"]",
      "instances": [
        {
          "schema_version": 0,
          "attributes": {
            "container": [
              {
                "commands": [],
                "cpu": 0.5,
                "cpu_limit": 0,
                "environment_variables": null,
                "gpu": [],
                "gpu_limit": [],
                "image": "mcr.microsoft.com/azuredocs/aci-tutorial-sidecar",
                "liveness_probe": [],
                "memory": 1.5,
                "memory_limit": 0,
                "name": "container-one",
                "ports": [
                  {
                    "port": 80,
                    "protocol": "TCP"
                  }
                ],
                "readiness_probe": [],
                "secure_environment_variables": null,
                "volume": []
              }
            ],
            "diagnostics": [],
            "dns_config": [],
            "dns_name_label": "",
            "dns_name_label_reuse_policy": "Unsecure",
            "exposed_port": [
              {
                "port": 80,
                "protocol": "TCP"
              }
            ],
            "fqdn": "",
            "id": "/subscriptions/5ef4e654-5b34-4650-9755-1d4297258e0c/resourceGroups/NextOps/providers/Microsoft.ContainerInstance/containerGroups/nextopsaci10",
            "identity": [],
            "image_registry_credential": [],
            "init_container": [],
            "ip_address": "10.0.1.4",
            "ip_address_type": "Private",
            "key_vault_key_id": null,
            "location": "eastus",
            "name": "nextopsaci10",
            "network_profile_id": null,
            "os_type": "Linux",
            "resource_group_name": "NextOps",
            "restart_policy": "Always",
            "subnet_ids": [
              "/subscriptions/5ef4e654-5b34-4650-9755-1d4297258e0c/resourceGroups/NextOps/providers/Microsoft.Network/virtualNetworks/nextopsvnet01/subnets/subnet01"
            ],
            "tags": null,
            "timeouts": null,
            "zones": null
          },
          "sensitive_attributes": [],
          "private": "eyJlMmJmYjczMC1lY2FhLTExZTYtOGY4OC0zNDM2M2JjN2M0YzAiOnsiY3JlYXRlIjoxODAwMDAwMDAwMDAwLCJkZWxldGUiOjE4MDAwMDAwMDAwMDAsInJlYWQiOjMwMDAwMDAwMDAwMCwidXBkYXRlIjoxODAwMDAwMDAwMDAwfX0=",
          "dependencies": [
            "azurerm_resource_group.nextopsrg",
            "azurerm_subnet.subnet01",
            "azurerm_virtual_network.nextopsvnet"
          ]
        }
      ]
    },
    {
      "mode": "managed",
      "type": "azurerm_container_registry",
      "name": "nextopsacr",
      "provider": "provider[\"registry.terraform.io/hashicorp/azurerm\"]",
      "instances": [
        {
          "schema_version": 2,
          "attributes": {
            "admin_enabled": true,
            "admin_password": "w7h8Hf/LxAUGfq2o4aBCtNYQqnPakbV1ZhYU9zQ6E0+ACRBR2Wr7",
            "admin_username": "nextopsacr10",
            "anonymous_pull_enabled": false,
            "data_endpoint_enabled": false,
            "encryption": [
              {
                "enabled": false,
                "identity_client_id": "",
                "key_vault_key_id": ""
              }
            ],
            "export_policy_enabled": true,
            "georeplications": [],
            "id": "/subscriptions/5ef4e654-5b34-4650-9755-1d4297258e0c/resourceGroups/NextOps/providers/Microsoft.ContainerRegistry/registries/nextopsacr10",
            "identity": [],
            "location": "eastus",
            "login_server": "nextopsacr10.azurecr.io",
            "name": "nextopsacr10",
            "network_rule_bypass_option": "AzureServices",
            "network_rule_set": [],
            "public_network_access_enabled": true,
            "quarantine_policy_enabled": false,
            "resource_group_name": "NextOps",
            "retention_policy": [
              {
                "days": 7,
                "enabled": false
              }
            ],
            "sku": "Standard",
            "tags": null,
            "timeouts": null,
            "trust_policy": [
              {
                "enabled": false
              }
            ],
            "zone_redundancy_enabled": false
          },
          "sensitive_attributes": [],
          "private": "eyJlMmJmYjczMC1lY2FhLTExZTYtOGY4OC0zNDM2M2JjN2M0YzAiOnsiY3JlYXRlIjoxODAwMDAwMDAwMDAwLCJkZWxldGUiOjE4MDAwMDAwMDAwMDAsInJlYWQiOjMwMDAwMDAwMDAwMCwidXBkYXRlIjoxODAwMDAwMDAwMDAwfSwic2NoZW1hX3ZlcnNpb24iOiIyIn0=",
          "dependencies": [
            "azurerm_resource_group.nextopsrg"
          ]
        }
      ]
    },
    {
      "mode": "managed",
      "type": "azurerm_lb",
      "name": "nextopsalb",
      "provider": "provider[\"registry.terraform.io/hashicorp/azurerm\"]",
      "instances": [
        {
          "schema_version": 0,
          "attributes": {
            "edge_zone": "",
            "frontend_ip_configuration": [
              {
                "gateway_load_balancer_frontend_ip_configuration_id": "",
                "id": "/subscriptions/5ef4e654-5b34-4650-9755-1d4297258e0c/resourceGroups/NextOps/providers/Microsoft.Network/loadBalancers/nextopsalb10/frontendIPConfigurations/PublicIPAddress",
                "inbound_nat_rules": [],
                "load_balancer_rules": [],
                "name": "PublicIPAddress",
                "outbound_rules": [],
                "private_ip_address": "",
                "private_ip_address_allocation": "Dynamic",
                "private_ip_address_version": "",
                "public_ip_address_id": "/subscriptions/5ef4e654-5b34-4650-9755-1d4297258e0c/resourceGroups/NextOps/providers/Microsoft.Network/publicIPAddresses/PublicIPForLB",
                "public_ip_prefix_id": "",
                "subnet_id": "",
                "zones": null
              }
            ],
            "id": "/subscriptions/5ef4e654-5b34-4650-9755-1d4297258e0c/resourceGroups/NextOps/providers/Microsoft.Network/loadBalancers/nextopsalb10",
            "location": "eastus",
            "name": "nextopsalb10",
            "private_ip_address": "",
            "private_ip_addresses": [],
            "resource_group_name": "NextOps",
            "sku": "Standard",
            "sku_tier": "Regional",
            "tags": null,
            "timeouts": null
          },
          "sensitive_attributes": [],
          "private": "eyJlMmJmYjczMC1lY2FhLTExZTYtOGY4OC0zNDM2M2JjN2M0YzAiOnsiY3JlYXRlIjoxODAwMDAwMDAwMDAwLCJkZWxldGUiOjE4MDAwMDAwMDAwMDAsInJlYWQiOjMwMDAwMDAwMDAwMCwidXBkYXRlIjoxODAwMDAwMDAwMDAwfX0=",
          "dependencies": [
            "azurerm_public_ip.albpip01",
            "azurerm_resource_group.nextopsrg"
          ]
        }
      ]
    },
    {
      "mode": "managed",
      "type": "azurerm_lb_backend_address_pool",
      "name": "bep01",
      "provider": "provider[\"registry.terraform.io/hashicorp/azurerm\"]",
      "instances": [
        {
          "schema_version": 0,
          "attributes": {
            "backend_ip_configurations": [],
            "id": "/subscriptions/5ef4e654-5b34-4650-9755-1d4297258e0c/resourceGroups/NextOps/providers/Microsoft.Network/loadBalancers/nextopsalb10/backendAddressPools/BackEndAddressPool",
            "inbound_nat_rules": [],
            "load_balancing_rules": [],
            "loadbalancer_id": "/subscriptions/5ef4e654-5b34-4650-9755-1d4297258e0c/resourceGroups/NextOps/providers/Microsoft.Network/loadBalancers/nextopsalb10",
            "name": "BackEndAddressPool",
            "outbound_rules": [],
            "timeouts": null,
            "tunnel_interface": [],
            "virtual_network_id": ""
          },
          "sensitive_attributes": [],
          "private": "eyJlMmJmYjczMC1lY2FhLTExZTYtOGY4OC0zNDM2M2JjN2M0YzAiOnsiY3JlYXRlIjoxODAwMDAwMDAwMDAwLCJkZWxldGUiOjE4MDAwMDAwMDAwMDAsInJlYWQiOjMwMDAwMDAwMDAwMCwidXBkYXRlIjoxODAwMDAwMDAwMDAwfX0=",
          "dependencies": [
            "azurerm_lb.nextopsalb",
            "azurerm_public_ip.albpip01",
            "azurerm_resource_group.nextopsrg"
          ]
        }
      ]
    },
    {
      "mode": "managed",
      "type": "azurerm_lb_backend_address_pool_address",
      "name": "bepaddr01",
      "provider": "provider[\"registry.terraform.io/hashicorp/azurerm\"]",
      "instances": [
        {
          "schema_version": 0,
          "attributes": {
            "backend_address_ip_configuration_id": "",
            "backend_address_pool_id": "/subscriptions/5ef4e654-5b34-4650-9755-1d4297258e0c/resourceGroups/NextOps/providers/Microsoft.Network/loadBalancers/nextopsalb10/backendAddressPools/BackEndAddressPool",
            "id": "/subscriptions/5ef4e654-5b34-4650-9755-1d4297258e0c/resourceGroups/NextOps/providers/Microsoft.Network/loadBalancers/nextopsalb10/backendAddressPools/BackEndAddressPool/addresses/nextopaci10",
            "inbound_nat_rule_port_mapping": [],
            "ip_address": "10.0.1.4",
            "name": "nextopaci10",
            "timeouts": null,
            "virtual_network_id": "/subscriptions/5ef4e654-5b34-4650-9755-1d4297258e0c/resourceGroups/NextOps/providers/Microsoft.Network/virtualNetworks/nextopsvnet01"
          },
          "sensitive_attributes": [],
          "private": "eyJlMmJmYjczMC1lY2FhLTExZTYtOGY4OC0zNDM2M2JjN2M0YzAiOnsiY3JlYXRlIjoxODAwMDAwMDAwMDAwLCJkZWxldGUiOjE4MDAwMDAwMDAwMDAsInJlYWQiOjMwMDAwMDAwMDAwMCwidXBkYXRlIjoxODAwMDAwMDAwMDAwfX0=",
          "dependencies": [
            "azurerm_container_group.nextopsaci",
            "azurerm_lb.nextopsalb",
            "azurerm_lb_backend_address_pool.bep01",
            "azurerm_public_ip.albpip01",
            "azurerm_resource_group.nextopsrg",
            "azurerm_subnet.subnet01",
            "azurerm_virtual_network.nextopsvnet"
          ]
        }
      ]
    },
    {
      "mode": "managed",
      "type": "azurerm_lb_probe",
      "name": "probe01",
      "provider": "provider[\"registry.terraform.io/hashicorp/azurerm\"]",
      "instances": [
        {
          "schema_version": 0,
          "attributes": {
            "id": "/subscriptions/5ef4e654-5b34-4650-9755-1d4297258e0c/resourceGroups/NextOps/providers/Microsoft.Network/loadBalancers/nextopsalb10/probes/probe01",
            "interval_in_seconds": 15,
            "load_balancer_rules": [],
            "loadbalancer_id": "/subscriptions/5ef4e654-5b34-4650-9755-1d4297258e0c/resourceGroups/NextOps/providers/Microsoft.Network/loadBalancers/nextopsalb10",
            "name": "probe01",
            "number_of_probes": 2,
            "port": 80,
            "probe_threshold": 1,
            "protocol": "Tcp",
            "request_path": "",
            "timeouts": null
          },
          "sensitive_attributes": [],
          "private": "eyJlMmJmYjczMC1lY2FhLTExZTYtOGY4OC0zNDM2M2JjN2M0YzAiOnsiY3JlYXRlIjoxODAwMDAwMDAwMDAwLCJkZWxldGUiOjE4MDAwMDAwMDAwMDAsInJlYWQiOjMwMDAwMDAwMDAwMCwidXBkYXRlIjoxODAwMDAwMDAwMDAwfX0=",
          "dependencies": [
            "azurerm_lb.nextopsalb",
            "azurerm_public_ip.albpip01",
            "azurerm_resource_group.nextopsrg"
          ]
        }
      ]
    },
    {
      "mode": "managed",
      "type": "azurerm_lb_rule",
      "name": "rule01",
      "provider": "provider[\"registry.terraform.io/hashicorp/azurerm\"]",
      "instances": [
        {
          "schema_version": 0,
          "attributes": {
            "backend_address_pool_ids": [
              "/subscriptions/5ef4e654-5b34-4650-9755-1d4297258e0c/resourceGroups/NextOps/providers/Microsoft.Network/loadBalancers/nextopsalb10/backendAddressPools/BackEndAddressPool"
            ],
            "backend_port": 80,
            "disable_outbound_snat": false,
            "enable_floating_ip": false,
            "enable_tcp_reset": false,
            "frontend_ip_configuration_id": "/subscriptions/5ef4e654-5b34-4650-9755-1d4297258e0c/resourceGroups/NextOps/providers/Microsoft.Network/loadBalancers/nextopsalb10/frontendIPConfigurations/PublicIPAddress",
            "frontend_ip_configuration_name": "PublicIPAddress",
            "frontend_port": 80,
            "id": "/subscriptions/5ef4e654-5b34-4650-9755-1d4297258e0c/resourceGroups/NextOps/providers/Microsoft.Network/loadBalancers/nextopsalb10/loadBalancingRules/LBRule",
            "idle_timeout_in_minutes": 4,
            "load_distribution": "Default",
            "loadbalancer_id": "/subscriptions/5ef4e654-5b34-4650-9755-1d4297258e0c/resourceGroups/NextOps/providers/Microsoft.Network/loadBalancers/nextopsalb10",
            "name": "LBRule",
            "probe_id": "/subscriptions/5ef4e654-5b34-4650-9755-1d4297258e0c/resourceGroups/NextOps/providers/Microsoft.Network/loadBalancers/nextopsalb10/probes/probe01",
            "protocol": "Tcp",
            "timeouts": null
          },
          "sensitive_attributes": [],
          "private": "eyJlMmJmYjczMC1lY2FhLTExZTYtOGY4OC0zNDM2M2JjN2M0YzAiOnsiY3JlYXRlIjoxODAwMDAwMDAwMDAwLCJkZWxldGUiOjE4MDAwMDAwMDAwMDAsInJlYWQiOjMwMDAwMDAwMDAwMCwidXBkYXRlIjoxODAwMDAwMDAwMDAwfX0=",
          "dependencies": [
            "azurerm_lb.nextopsalb",
            "azurerm_lb_backend_address_pool.bep01",
            "azurerm_lb_probe.probe01",
            "azurerm_public_ip.albpip01",
            "azurerm_resource_group.nextopsrg"
          ]
        }
      ]
    },
    {
      "mode": "managed",
      "type": "azurerm_public_ip",
      "name": "albpip01",
      "provider": "provider[\"registry.terraform.io/hashicorp/azurerm\"]",
      "instances": [
        {
          "schema_version": 0,
          "attributes": {
            "allocation_method": "Static",
            "ddos_protection_mode": "VirtualNetworkInherited",
            "ddos_protection_plan_id": null,
            "domain_name_label": null,
            "edge_zone": "",
            "fqdn": null,
            "id": "/subscriptions/5ef4e654-5b34-4650-9755-1d4297258e0c/resourceGroups/NextOps/providers/Microsoft.Network/publicIPAddresses/PublicIPForLB",
            "idle_timeout_in_minutes": 4,
            "ip_address": "172.190.130.113",
            "ip_tags": null,
            "ip_version": "IPv4",
            "location": "eastus",
            "name": "PublicIPForLB",
            "public_ip_prefix_id": null,
            "resource_group_name": "NextOps",
            "reverse_fqdn": null,
            "sku": "Standard",
            "sku_tier": "Regional",
            "tags": null,
            "timeouts": null,
            "zones": null
          },
          "sensitive_attributes": [],
          "private": "eyJlMmJmYjczMC1lY2FhLTExZTYtOGY4OC0zNDM2M2JjN2M0YzAiOnsiY3JlYXRlIjoxODAwMDAwMDAwMDAwLCJkZWxldGUiOjE4MDAwMDAwMDAwMDAsInJlYWQiOjMwMDAwMDAwMDAwMCwidXBkYXRlIjoxODAwMDAwMDAwMDAwfX0=",
          "dependencies": [
            "azurerm_resource_group.nextopsrg"
          ]
        }
      ]
    },
    {
      "mode": "managed",
      "type": "azurerm_resource_group",
      "name": "nextopsrg",
      "provider": "provider[\"registry.terraform.io/hashicorp/azurerm\"]",
      "instances": [
        {
          "schema_version": 0,
          "attributes": {
            "id": "/subscriptions/5ef4e654-5b34-4650-9755-1d4297258e0c/resourceGroups/NextOps",
            "location": "eastus",
            "managed_by": "",
            "name": "NextOps",
            "tags": null,
            "timeouts": null
          },
          "sensitive_attributes": [],
          "private": "eyJlMmJmYjczMC1lY2FhLTExZTYtOGY4OC0zNDM2M2JjN2M0YzAiOnsiY3JlYXRlIjo1NDAwMDAwMDAwMDAwLCJkZWxldGUiOjU0MDAwMDAwMDAwMDAsInJlYWQiOjMwMDAwMDAwMDAwMCwidXBkYXRlIjo1NDAwMDAwMDAwMDAwfX0="
        }
      ]
    },
    {
      "mode": "managed",
      "type": "azurerm_subnet",
      "name": "subnet01",
      "provider": "provider[\"registry.terraform.io/hashicorp/azurerm\"]",
      "instances": [
        {
          "schema_version": 0,
          "attributes": {
            "address_prefixes": [
              "10.0.1.0/24"
            ],
            "delegation": [
              {
                "name": "delegation",
                "service_delegation": [
                  {
                    "actions": [
                      "Microsoft.Network/virtualNetworks/subnets/action"
                    ],
                    "name": "Microsoft.ContainerInstance/containerGroups"
                  }
                ]
              }
            ],
            "enforce_private_link_endpoint_network_policies": false,
            "enforce_private_link_service_network_policies": false,
            "id": "/subscriptions/5ef4e654-5b34-4650-9755-1d4297258e0c/resourceGroups/NextOps/providers/Microsoft.Network/virtualNetworks/nextopsvnet01/subnets/subnet01",
            "name": "subnet01",
            "private_endpoint_network_policies_enabled": true,
            "private_link_service_network_policies_enabled": true,
            "resource_group_name": "NextOps",
            "service_endpoint_policy_ids": null,
            "service_endpoints": null,
            "timeouts": null,
            "virtual_network_name": "nextopsvnet01"
          },
          "sensitive_attributes": [],
          "private": "eyJlMmJmYjczMC1lY2FhLTExZTYtOGY4OC0zNDM2M2JjN2M0YzAiOnsiY3JlYXRlIjoxODAwMDAwMDAwMDAwLCJkZWxldGUiOjE4MDAwMDAwMDAwMDAsInJlYWQiOjMwMDAwMDAwMDAwMCwidXBkYXRlIjoxODAwMDAwMDAwMDAwfX0=",
          "dependencies": [
            "azurerm_resource_group.nextopsrg",
            "azurerm_virtual_network.nextopsvnet"
          ]
        }
      ]
    },
    {
      "mode": "managed",
      "type": "azurerm_virtual_network",
      "name": "nextopsvnet",
      "provider": "provider[\"registry.terraform.io/hashicorp/azurerm\"]",
      "instances": [
        {
          "schema_version": 0,
          "attributes": {
            "address_space": [
              "10.0.0.0/16"
            ],
            "bgp_community": "",
            "ddos_protection_plan": [],
            "dns_servers": [],
            "edge_zone": "",
            "encryption": [],
            "flow_timeout_in_minutes": 0,
            "guid": "4739b570-b324-4797-8c46-fc0b321f2791",
            "id": "/subscriptions/5ef4e654-5b34-4650-9755-1d4297258e0c/resourceGroups/NextOps/providers/Microsoft.Network/virtualNetworks/nextopsvnet01",
            "location": "eastus",
            "name": "nextopsvnet01",
            "resource_group_name": "NextOps",
            "subnet": [],
            "tags": null,
            "timeouts": null
          },
          "sensitive_attributes": [],
          "private": "eyJlMmJmYjczMC1lY2FhLTExZTYtOGY4OC0zNDM2M2JjN2M0YzAiOnsiY3JlYXRlIjoxODAwMDAwMDAwMDAwLCJkZWxldGUiOjE4MDAwMDAwMDAwMDAsInJlYWQiOjMwMDAwMDAwMDAwMCwidXBkYXRlIjoxODAwMDAwMDAwMDAwfX0=",
          "dependencies": [
            "azurerm_resource_group.nextopsrg"
          ]
        }
      ]
    }
  ]
}
